{
  "nodes": {
    "darwin": {
      "inputs": {
        "nixpkgs": [
          "nixpkgs"
        ]
      },
      "locked": {
        "lastModified": 1703990467,
        "narHash": "sha256-LItEeQVwDfLnavNskwdfRnonbEdq8DYiJlWRtF+bwng=",
        "owner": "lnl7",
        "repo": "nix-darwin",
        "rev": "1a41453cba42a3a1af2fff003be455ddbd75386c",
        "type": "github"
      },
      "original": {
        "owner": "lnl7",
        "ref": "master",
        "repo": "nix-darwin",
        "type": "github"
      }
    },
    "emacs": {
      "inputs": {
        "flake-utils": "flake-utils",
        "nixpkgs": [
          "nixpkgs"
        ],
        "nixpkgs-stable": "nixpkgs-stable"
      },
      "locked": {
        "lastModified": 1704071125,
        "narHash": "sha256-fJ/SDPHdX09UfTs+20sLINGFq7vft2OBY6NCKen2wKc=",
        "owner": "nix-community",
        "repo": "emacs-overlay",
        "rev": "75d582804c561bb16f726916096ee22272d156cc",
        "type": "github"
      },
      "original": {
        "owner": "nix-community",
        "ref": "master",
        "repo": "emacs-overlay",
        "type": "github"
      }
    },
    "emacs-mac": {
      "inputs": {
        "emacs-src": "emacs-src",
        "emacs-vterm-src": "emacs-vterm-src",
        "nixpkgs": [
          "nixpkgs"
        ]
      },
      "locked": {
        "lastModified": 1685494553,
        "narHash": "sha256-7kB1at//UUKIaedu8bbtfZS+F9LzgHVv9aXPppcBBGw=",
        "owner": "cmacrae",
        "repo": "emacs",
        "rev": "1c48a5984bab69a79cc6ebe20e28ee32138fc683",
        "type": "github"
      },
      "original": {
        "owner": "cmacrae",
        "repo": "emacs",
        "type": "github"
      }
    },
    "emacs-src": {
      "flake": false,
      "locked": {
        "lastModified": 1685464105,
        "narHash": "sha256-Y0uuemxviXxi4WQEn2fb3derGaDLJxDH10qGXkpmKDQ=",
        "owner": "emacs-mirror",
        "repo": "emacs",
        "rev": "ecc1d990d9e9d006838ca514213ea5e46a459363",
        "type": "github"
      },
      "original": {
        "owner": "emacs-mirror",
        "repo": "emacs",
        "type": "github"
      }
    },
    "emacs-vterm-src": {
      "flake": false,
      "locked": {
        "lastModified": 1681705456,
        "narHash": "sha256-1+AbPtyl1dS73WTMrIUduyWeM4cOiD3CI7d0Ic3jpVw=",
        "owner": "akermu",
        "repo": "emacs-libvterm",
        "rev": "94e2b0b2b4a750e7907dacd5b4c0584900846dd1",
        "type": "github"
      },
      "original": {
        "owner": "akermu",
        "repo": "emacs-libvterm",
        "type": "github"
      }
    },
    "flake-compat": {
      "flake": false,
      "locked": {
        "lastModified": 1696426674,
        "narHash": "sha256-kvjfFW7WAETZlt09AgDn1MrtKzP7t90Vf7vypd3OL1U=",
        "owner": "edolstra",
        "repo": "flake-compat",
        "rev": "0f9255e01c2351cc7d116c072cb317785dd33b33",
        "type": "github"
      },
      "original": {
        "owner": "edolstra",
        "repo": "flake-compat",
        "type": "github"
      }
    },
    "flake-utils": {
      "inputs": {
        "systems": "systems"
      },
      "locked": {
        "lastModified": 1701680307,
        "narHash": "sha256-kAuep2h5ajznlPMD9rnQyffWG8EM/C73lejGofXvdM8=",
        "owner": "numtide",
        "repo": "flake-utils",
        "rev": "4022d587cbbfd70fe950c1e2083a02621806a725",
        "type": "github"
      },
      "original": {
        "owner": "numtide",
        "repo": "flake-utils",
        "type": "github"
      }
    },
    "flake-utils_2": {
      "inputs": {
        "systems": "systems_2"
      },
      "locked": {
        "lastModified": 1701680307,
        "narHash": "sha256-kAuep2h5ajznlPMD9rnQyffWG8EM/C73lejGofXvdM8=",
        "owner": "numtide",
        "repo": "flake-utils",
        "rev": "4022d587cbbfd70fe950c1e2083a02621806a725",
        "type": "github"
      },
      "original": {
        "owner": "numtide",
        "repo": "flake-utils",
        "type": "github"
      }
    },
    "home-manager": {
      "inputs": {
        "nixpkgs": [
          "nixpkgs"
        ]
      },
      "locked": {
        "lastModified": 1703995158,
        "narHash": "sha256-oYMwbObpWheGeeNWY1LjO/+omrbAWDNdyzNDxTr2jo8=",
        "owner": "nix-community",
        "repo": "home-manager",
        "rev": "2e8634c252890cb38c60ab996af04926537cbc27",
        "type": "github"
      },
      "original": {
        "owner": "nix-community",
        "repo": "home-manager",
        "type": "github"
      }
    },
    "nixos-m1": {
      "flake": false,
      "locked": {
        "lastModified": 1703450140,
        "narHash": "sha256-ZNNcuLJAjJbkRlU/53KKOgs1xI+y/LXWBdBukbm3hxY=",
        "owner": "tpwrules",
        "repo": "nixos-m1",
        "rev": "9f81761270e6343d00b99d3e07e1feee8f3ba4b5",
        "type": "github"
      },
      "original": {
        "owner": "tpwrules",
        "ref": "main",
        "repo": "nixos-m1",
        "type": "github"
      }
    },
    "nixos-wsl": {
      "inputs": {
        "flake-compat": "flake-compat",
        "flake-utils": "flake-utils_2",
        "nixpkgs": [
          "nixpkgs"
        ]
      },
      "locked": {
        "lastModified": 1704091507,
        "narHash": "sha256-SMtf/mgpYro3H2kGxck3W3jc3LYKnyAgNegjsEUuKfs=",
        "owner": "nix-community",
        "repo": "nixos-wsl",
        "rev": "b8d2747e2f7474e6c1ba5a63f265424c8d000257",
        "type": "github"
      },
      "original": {
        "owner": "nix-community",
        "ref": "main",
        "repo": "nixos-wsl",
        "type": "github"
      }
    },
    "nixpkgs": {
      "locked": {
        "lastModified": 1703637592,
        "narHash": "sha256-8MXjxU0RfFfzl57Zy3OfXCITS0qWDNLzlBAdwxGZwfY=",
        "owner": "nixos",
        "repo": "nixpkgs",
        "rev": "cfc3698c31b1fb9cdcf10f36c9643460264d0ca8",
        "type": "github"
      },
      "original": {
        "owner": "nixos",
        "ref": "nixos-unstable",
        "repo": "nixpkgs",
        "type": "github"
      }
    },
    "nixpkgs-stable": {
      "locked": {
        "lastModified": 1703900474,
        "narHash": "sha256-Zu+chYVYG2cQ4FCbhyo6rc5Lu0ktZCjRbSPE0fDgukI=",
        "owner": "NixOS",
        "repo": "nixpkgs",
        "rev": "9dd7699928e26c3c00d5d46811f1358524081062",
        "type": "github"
      },
      "original": {
        "owner": "NixOS",
        "ref": "nixos-23.11",
        "repo": "nixpkgs",
        "type": "github"
      }
    },
    "nixpkgs-stable_2": {
      "locked": {
        "lastModified": 1703351344,
        "narHash": "sha256-9FEelzftkE9UaJ5nqxidaJJPEhe9TPhbypLHmc2Mysc=",
        "owner": "nixos",
        "repo": "nixpkgs",
        "rev": "7790e078f8979a9fcd543f9a47427eeaba38f268",
        "type": "github"
      },
      "original": {
        "owner": "nixos",
        "ref": "nixos-23.05",
        "repo": "nixpkgs",
        "type": "github"
      }
    },
    "root": {
      "inputs": {
        "darwin": "darwin",
        "emacs": "emacs",
        "emacs-mac": "emacs-mac",
        "home-manager": "home-manager",
        "nixos-m1": "nixos-m1",
        "nixos-wsl": "nixos-wsl",
        "nixpkgs": "nixpkgs",
        "nixpkgs-stable": "nixpkgs-stable_2"
      }
    },
    "systems": {
      "locked": {
        "lastModified": 1681028828,
        "narHash": "sha256-Vy1rq5AaRuLzOxct8nz4T6wlgyUR7zLU309k9mBC768=",
        "owner": "nix-systems",
        "repo": "default",
        "rev": "da67096a3b9bf56a91d16901293e51ba5b49a27e",
        "type": "github"
      },
      "original": {
        "owner": "nix-systems",
        "repo": "default",
        "type": "github"
      }
    },
    "systems_2": {
      "locked": {
        "lastModified": 1681028828,
        "narHash": "sha256-Vy1rq5AaRuLzOxct8nz4T6wlgyUR7zLU309k9mBC768=",
        "owner": "nix-systems",
        "repo": "default",
        "rev": "da67096a3b9bf56a91d16901293e51ba5b49a27e",
        "type": "github"
      },
      "original": {
        "owner": "nix-systems",
        "repo": "default",
        "type": "github"
      }
    }
  },
  "root": "root",
  "version": 7
}
